
Microsoft Visual Studio Solution File, Format Version 12.00
# Visual Studio 15
VisualStudioVersion = 15.0.27004.2005
MinimumVisualStudioVersion = 10.0.40219.1
Project("{FAE04EC0-301F-11D3-BF4B-00C04F79EFBC}") = "XamarinCustomRenderers.Android", "XamarinCustomRenderers\XamarinCustomRenderers.Android\XamarinCustomRenderers.Android.csproj", "{D3D3D7F9-E45A-400F-9D7D-C1E19FD6681B}"
EndProject
Project("{FAE04EC0-301F-11D3-BF4B-00C04F79EFBC}") = "XamarinCustomRenderers", "XamarinCustomRenderers\XamarinCustomRenderers\XamarinCustomRenderers.csproj", "{7B21FCF9-F696-4F27-99A0-7EB7E662EEC5}"
EndProject
Project("{FAE04EC0-301F-11D3-BF4B-00C04F79EFBC}") = "XamarinCustomRenderers.UWP", "XamarinCustomRenderers\XamarinCustomRenderers.UWP\XamarinCustomRenderers.UWP.csproj", "{38BD6235-6D85-4BE3-8B87-C7B6C067447F}"
EndProject
Project("{FAE04EC0-301F-11D3-BF4B-00C04F79EFBC}") = "XamarinCustomRenderers.iOS", "XamarinCustomRenderers\XamarinCustomRenderers.iOS\XamarinCustomRenderers.iOS.csproj", "{926CE85C-C4D4-4DA4-809D-1C647AC9BD1D}"
EndProject
Global
	GlobalSection(SolutionConfigurationPlatforms) = preSolution
		Ad-Hoc|Any CPU = Ad-Hoc|Any CPU
		Ad-Hoc|ARM = Ad-Hoc|ARM
		Ad-Hoc|iPhone = Ad-Hoc|iPhone
		Ad-Hoc|iPhoneSimulator = Ad-Hoc|iPhoneSimulator
		Ad-Hoc|x64 = Ad-Hoc|x64
		Ad-Hoc|x86 = Ad-Hoc|x86
		AppStore|Any CPU = AppStore|Any CPU
		AppStore|ARM = AppStore|ARM
		AppStore|iPhone = AppStore|iPhone
		AppStore|iPhoneSimulator = AppStore|iPhoneSimulator
		AppStore|x64 = AppStore|x64
		AppStore|x86 = AppStore|x86
		Debug|Any CPU = Debug|Any CPU
		Debug|ARM = Debug|ARM
		Debug|iPhone = Debug|iPhone
		Debug|iPhoneSimulator = Debug|iPhoneSimulator
		Debug|x64 = Debug|x64
		Debug|x86 = Debug|x86
		Release|Any CPU = Release|Any CPU
		Release|ARM = Release|ARM
		Release|iPhone = Release|iPhone
		Release|iPhoneSimulator = Release|iPhoneSimulator
		Release|x64 = Release|x64
		Release|x86 = Release|x86
	EndGlobalSection
	GlobalSection(ProjectConfigurationPlatforms) = postSolution
		{D3D3D7F9-E45A-400F-9D7D-C1E19FD6681B}.Ad-Hoc|Any CPU.ActiveCfg = Release|Any CPU
		{D3D3D7F9-E45A-400F-9D7D-C1E19FD6681B}.Ad-Hoc|Any CPU.Build.0 = Release|Any CPU
		{D3D3D7F9-E45A-400F-9D7D-C1E19FD6681B}.Ad-Hoc|Any CPU.Deploy.0 = Release|Any CPU
		{D3D3D7F9-E45A-400F-9D7D-C1E19FD6681B}.Ad-Hoc|ARM.ActiveCfg = Release|Any CPU
		{D3D3D7F9-E45A-400F-9D7D-C1E19FD6681B}.Ad-Hoc|ARM.Build.0 = Release|Any CPU
		{D3D3D7F9-E45A-400F-9D7D-C1E19FD6681B}.Ad-Hoc|ARM.Deploy.0 = Release|Any CPU
		{D3D3D7F9-E45A-400F-9D7D-C1E19FD6681B}.Ad-Hoc|iPhone.ActiveCfg = Release|Any CPU
		{D3D3D7F9-E45A-400F-9D7D-C1E19FD6681B}.Ad-Hoc|iPhone.Build.0 = Release|Any CPU
		{D3D3D7F9-E45A-400F-9D7D-C1E19FD6681B}.Ad-Hoc|iPhone.Deploy.0 = Release|Any CPU
		{D3D3D7F9-E45A-400F-9D7D-C1E19FD6681B}.Ad-Hoc|iPhoneSimulator.ActiveCfg = Release|Any CPU
		{D3D3D7F9-E45A-400F-9D7D-C1E19FD6681B}.Ad-Hoc|iPhoneSimulator.Build.0 = Release|Any CPU
		{D3D3D7F9-E45A-400F-9D7D-C1E19FD6681B}.Ad-Hoc|iPhoneSimulator.Deploy.0 = Release|Any CPU
		{D3D3D7F9-E45A-400F-9D7D-C1E19FD6681B}.Ad-Hoc|x64.ActiveCfg = Release|Any CPU
		{D3D3D7F9-E45A-400F-9D7D-C1E19FD6681B}.Ad-Hoc|x64.Build.0 = Release|Any CPU
		{D3D3D7F9-E45A-400F-9D7D-C1E19FD6681B}.Ad-Hoc|x64.Deploy.0 = Release|Any CPU
		{D3D3D7F9-E45A-400F-9D7D-C1E19FD6681B}.Ad-Hoc|x86.ActiveCfg = Release|Any CPU
		{D3D3D7F9-E45A-400F-9D7D-C1E19FD6681B}.Ad-Hoc|x86.Build.0 = Release|Any CPU
		{D3D3D7F9-E45A-400F-9D7D-C1E19FD6681B}.Ad-Hoc|x86.Deploy.0 = Release|Any CPU
		{D3D3D7F9-E45A-400F-9D7D-C1E19FD6681B}.AppStore|Any CPU.ActiveCfg = Release|Any CPU
		{D3D3D7F9-E45A-400F-9D7D-C1E19FD6681B}.AppStore|Any CPU.Build.0 = Release|Any CPU
		{D3D3D7F9-E45A-400F-9D7D-C1E19FD6681B}.AppStore|Any CPU.Deploy.0 = Release|Any CPU
		{D3D3D7F9-E45A-400F-9D7D-C1E19FD6681B}.AppStore|ARM.ActiveCfg = Release|Any CPU
		{D3D3D7F9-E45A-400F-9D7D-C1E19FD6681B}.AppStore|ARM.Build.0 = Release|Any CPU
		{D3D3D7F9-E45A-400F-9D7D-C1E19FD6681B}.AppStore|ARM.Deploy.0 = Release|Any CPU
		{D3D3D7F9-E45A-400F-9D7D-C1E19FD6681B}.AppStore|iPhone.ActiveCfg = Release|Any CPU
		{D3D3D7F9-E45A-400F-9D7D-C1E19FD6681B}.AppStore|iPhone.Build.0 = Release|Any CPU
		{D3D3D7F9-E45A-400F-9D7D-C1E19FD6681B}.AppStore|iPhone.Deploy.0 = Release|Any CPU
		{D3D3D7F9-E45A-400F-9D7D-C1E19FD6681B}.AppStore|iPhoneSimulator.ActiveCfg = Release|Any CPU
		{D3D3D7F9-E45A-400F-9D7D-C1E19FD6681B}.AppStore|iPhoneSimulator.Build.0 = Release|Any CPU
		{D3D3D7F9-E45A-400F-9D7D-C1E19FD6681B}.AppStore|iPhoneSimulator.Deploy.0 = Release|Any CPU
		{D3D3D7F9-E45A-400F-9D7D-C1E19FD6681B}.AppStore|x64.ActiveCfg = Release|Any CPU
		{D3D3D7F9-E45A-400F-9D7D-C1E19FD6681B}.AppStore|x64.Build.0 = Release|Any CPU
		{D3D3D7F9-E45A-400F-9D7D-C1E19FD6681B}.AppStore|x64.Deploy.0 = Release|Any CPU
		{D3D3D7F9-E45A-400F-9D7D-C1E19FD6681B}.AppStore|x86.ActiveCfg = Release|Any CPU
		{D3D3D7F9-E45A-400F-9D7D-C1E19FD6681B}.AppStore|x86.Build.0 = Release|Any CPU
		{D3D3D7F9-E45A-400F-9D7D-C1E19FD6681B}.AppStore|x86.Deploy.0 = Release|Any CPU
		{D3D3D7F9-E45A-400F-9D7D-C1E19FD6681B}.Debug|Any CPU.ActiveCfg = Debug|Any CPU
		{D3D3D7F9-E45A-400F-9D7D-C1E19FD6681B}.Debug|Any CPU.Build.0 = Debug|Any CPU
		{D3D3D7F9-E45A-400F-9D7D-C1E19FD6681B}.Debug|Any CPU.Deploy.0 = Debug|Any CPU
		{D3D3D7F9-E45A-400F-9D7D-C1E19FD6681B}.Debug|ARM.ActiveCfg = Debug|Any CPU
		{D3D3D7F9-E45A-400F-9D7D-C1E19FD6681B}.Debug|ARM.Build.0 = Debug|Any CPU
		{D3D3D7F9-E45A-400F-9D7D-C1E19FD6681B}.Debug|ARM.Deploy.0 = Debug|Any CPU
		{D3D3D7F9-E45A-400F-9D7D-C1E19FD6681B}.Debug|iPhone.ActiveCfg = Debug|Any CPU
		{D3D3D7F9-E45A-400F-9D7D-C1E19FD6681B}.Debug|iPhone.Build.0 = Debug|Any CPU
		{D3D3D7F9-E45A-400F-9D7D-C1E19FD6681B}.Debug|iPhone.Deploy.0 = Debug|Any CPU
		{D3D3D7F9-E45A-400F-9D7D-C1E19FD6681B}.Debug|iPhoneSimulator.ActiveCfg = Debug|Any CPU
		{D3D3D7F9-E45A-400F-9D7D-C1E19FD6681B}.Debug|iPhoneSimulator.Build.0 = Debug|Any CPU
		{D3D3D7F9-E45A-400F-9D7D-C1E19FD6681B}.Debug|iPhoneSimulator.Deploy.0 = Debug|Any CPU
		{D3D3D7F9-E45A-400F-9D7D-C1E19FD6681B}.Debug|x64.ActiveCfg = Debug|Any CPU
		{D3D3D7F9-E45A-400F-9D7D-C1E19FD6681B}.Debug|x64.Build.0 = Debug|Any CPU
		{D3D3D7F9-E45A-400F-9D7D-C1E19FD6681B}.Debug|x64.Deploy.0 = Debug|Any CPU
		{D3D3D7F9-E45A-400F-9D7D-C1E19FD6681B}.Debug|x86.ActiveCfg = Debug|Any CPU
		{D3D3D7F9-E45A-400F-9D7D-C1E19FD6681B}.Debug|x86.Build.0 = Debug|Any CPU
		{D3D3D7F9-E45A-400F-9D7D-C1E19FD6681B}.Debug|x86.Deploy.0 = Debug|Any CPU
		{D3D3D7F9-E45A-400F-9D7D-C1E19FD6681B}.Release|Any CPU.ActiveCfg = Release|Any CPU
		{D3D3D7F9-E45A-400F-9D7D-C1E19FD6681B}.Release|Any CPU.Build.0 = Release|Any CPU
		{D3D3D7F9-E45A-400F-9D7D-C1E19FD6681B}.Release|Any CPU.Deploy.0 = Release|Any CPU
		{D3D3D7F9-E45A-400F-9D7D-C1E19FD6681B}.Release|ARM.ActiveCfg = Release|Any CPU
		{D3D3D7F9-E45A-400F-9D7D-C1E19FD6681B}.Release|ARM.Build.0 = Release|Any CPU
		{D3D3D7F9-E45A-400F-9D7D-C1E19FD6681B}.Release|ARM.Deploy.0 = Release|Any CPU
		{D3D3D7F9-E45A-400F-9D7D-C1E19FD6681B}.Release|iPhone.ActiveCfg = Release|Any CPU
		{D3D3D7F9-E45A-400F-9D7D-C1E19FD6681B}.Release|iPhone.Build.0 = Release|Any CPU
		{D3D3D7F9-E45A-400F-9D7D-C1E19FD6681B}.Release|iPhone.Deploy.0 = Release|Any CPU
		{D3D3D7F9-E45A-400F-9D7D-C1E19FD6681B}.Release|iPhoneSimulator.ActiveCfg = Release|Any CPU
		{D3D3D7F9-E45A-400F-9D7D-C1E19FD6681B}.Release|iPhoneSimulator.Build.0 = Release|Any CPU
		{D3D3D7F9-E45A-400F-9D7D-C1E19FD6681B}.Release|iPhoneSimulator.Deploy.0 = Release|Any CPU
		{D3D3D7F9-E45A-400F-9D7D-C1E19FD6681B}.Release|x64.ActiveCfg = Release|Any CPU
		{D3D3D7F9-E45A-400F-9D7D-C1E19FD6681B}.Release|x64.Build.0 = Release|Any CPU
		{D3D3D7F9-E45A-400F-9D7D-C1E19FD6681B}.Release|x64.Deploy.0 = Release|Any CPU
		{D3D3D7F9-E45A-400F-9D7D-C1E19FD6681B}.Release|x86.ActiveCfg = Release|Any CPU
		{D3D3D7F9-E45A-400F-9D7D-C1E19FD6681B}.Release|x86.Build.0 = Release|Any CPU
		{D3D3D7F9-E45A-400F-9D7D-C1E19FD6681B}.Release|x86.Deploy.0 = Release|Any CPU
		{7B21FCF9-F696-4F27-99A0-7EB7E662EEC5}.Ad-Hoc|Any CPU.ActiveCfg = Release|Any CPU
		{7B21FCF9-F696-4F27-99A0-7EB7E662EEC5}.Ad-Hoc|Any CPU.Build.0 = Release|Any CPU
		{7B21FCF9-F696-4F27-99A0-7EB7E662EEC5}.Ad-Hoc|ARM.ActiveCfg = Release|Any CPU
		{7B21FCF9-F696-4F27-99A0-7EB7E662EEC5}.Ad-Hoc|ARM.Build.0 = Release|Any CPU
		{7B21FCF9-F696-4F27-99A0-7EB7E662EEC5}.Ad-Hoc|iPhone.ActiveCfg = Release|Any CPU
		{7B21FCF9-F696-4F27-99A0-7EB7E662EEC5}.Ad-Hoc|iPhone.Build.0 = Release|Any CPU
		{7B21FCF9-F696-4F27-99A0-7EB7E662EEC5}.Ad-Hoc|iPhoneSimulator.ActiveCfg = Release|Any CPU
		{7B21FCF9-F696-4F27-99A0-7EB7E662EEC5}.Ad-Hoc|iPhoneSimulator.Build.0 = Release|Any CPU
		{7B21FCF9-F696-4F27-99A0-7EB7E662EEC5}.Ad-Hoc|x64.ActiveCfg = Release|Any CPU
		{7B21FCF9-F696-4F27-99A0-7EB7E662EEC5}.Ad-Hoc|x64.Build.0 = Release|Any CPU
		{7B21FCF9-F696-4F27-99A0-7EB7E662EEC5}.Ad-Hoc|x86.ActiveCfg = Release|Any CPU
		{7B21FCF9-F696-4F27-99A0-7EB7E662EEC5}.Ad-Hoc|x86.Build.0 = Release|Any CPU
		{7B21FCF9-F696-4F27-99A0-7EB7E662EEC5}.AppStore|Any CPU.ActiveCfg = Release|Any CPU
		{7B21FCF9-F696-4F27-99A0-7EB7E662EEC5}.AppStore|Any CPU.Build.0 = Release|Any CPU
		{7B21FCF9-F696-4F27-99A0-7EB7E662EEC5}.AppStore|ARM.ActiveCfg = Release|Any CPU
		{7B21FCF9-F696-4F27-99A0-7EB7E662EEC5}.AppStore|ARM.Build.0 = Release|Any CPU
		{7B21FCF9-F696-4F27-99A0-7EB7E662EEC5}.AppStore|iPhone.ActiveCfg = Release|Any CPU
		{7B21FCF9-F696-4F27-99A0-7EB7E662EEC5}.AppStore|iPhone.Build.0 = Release|Any CPU
		{7B21FCF9-F696-4F27-99A0-7EB7E662EEC5}.AppStore|iPhoneSimulator.ActiveCfg = Release|Any CPU
		{7B21FCF9-F696-4F27-99A0-7EB7E662EEC5}.AppStore|iPhoneSimulator.Build.0 = Release|Any CPU
		{7B21FCF9-F696-4F27-99A0-7EB7E662EEC5}.AppStore|x64.ActiveCfg = Release|Any CPU
		{7B21FCF9-F696-4F27-99A0-7EB7E662EEC5}.AppStore|x64.Build.0 = Release|Any CPU
		{7B21FCF9-F696-4F27-99A0-7EB7E662EEC5}.AppStore|x86.ActiveCfg = Release|Any CPU
		{7B21FCF9-F696-4F27-99A0-7EB7E662EEC5}.AppStore|x86.Build.0 = Release|Any CPU
		{7B21FCF9-F696-4F27-99A0-7EB7E662EEC5}.Debug|Any CPU.ActiveCfg = Debug|Any CPU
		{7B21FCF9-F696-4F27-99A0-7EB7E662EEC5}.Debug|Any CPU.Build.0 = Debug|Any CPU
		{7B21FCF9-F696-4F27-99A0-7EB7E662EEC5}.Debug|ARM.ActiveCfg = Debug|Any CPU
		{7B21FCF9-F696-4F27-99A0-7EB7E662EEC5}.Debug|ARM.Build.0 = Debug|Any CPU
		{7B21FCF9-F696-4F27-99A0-7EB7E662EEC5}.Debug|iPhone.ActiveCfg = Debug|Any CPU
		{7B21FCF9-F696-4F27-99A0-7EB7E662EEC5}.Debug|iPhone.Build.0 = Debug|Any CPU
		{7B21FCF9-F696-4F27-99A0-7EB7E662EEC5}.Debug|iPhoneSimulator.ActiveCfg = Debug|Any CPU
		{7B21FCF9-F696-4F27-99A0-7EB7E662EEC5}.Debug|iPhoneSimulator.Build.0 = Debug|Any CPU
		{7B21FCF9-F696-4F27-99A0-7EB7E662EEC5}.Debug|x64.ActiveCfg = Debug|Any CPU
		{7B21FCF9-F696-4F27-99A0-7EB7E662EEC5}.Debug|x64.Build.0 = Debug|Any CPU
		{7B21FCF9-F696-4F27-99A0-7EB7E662EEC5}.Debug|x86.ActiveCfg = Debug|Any CPU
		{7B21FCF9-F696-4F27-99A0-7EB7E662EEC5}.Debug|x86.Build.0 = Debug|Any CPU
		{7B21FCF9-F696-4F27-99A0-7EB7E662EEC5}.Release|Any CPU.ActiveCfg = Release|Any CPU
		{7B21FCF9-F696-4F27-99A0-7EB7E662EEC5}.Release|Any CPU.Build.0 = Release|Any CPU
		{7B21FCF9-F696-4F27-99A0-7EB7E662EEC5}.Release|ARM.ActiveCfg = Release|Any CPU
		{7B21FCF9-F696-4F27-99A0-7EB7E662EEC5}.Release|ARM.Build.0 = Release|Any CPU
		{7B21FCF9-F696-4F27-99A0-7EB7E662EEC5}.Release|iPhone.ActiveCfg = Release|Any CPU
		{7B21FCF9-F696-4F27-99A0-7EB7E662EEC5}.Release|iPhone.Build.0 = Release|Any CPU
		{7B21FCF9-F696-4F27-99A0-7EB7E662EEC5}.Release|iPhoneSimulator.ActiveCfg = Release|Any CPU
		{7B21FCF9-F696-4F27-99A0-7EB7E662EEC5}.Release|iPhoneSimulator.Build.0 = Release|Any CPU
		{7B21FCF9-F696-4F27-99A0-7EB7E662EEC5}.Release|x64.ActiveCfg = Release|Any CPU
		{7B21FCF9-F696-4F27-99A0-7EB7E662EEC5}.Release|x64.Build.0 = Release|Any CPU
		{7B21FCF9-F696-4F27-99A0-7EB7E662EEC5}.Release|x86.ActiveCfg = Release|Any CPU
		{7B21FCF9-F696-4F27-99A0-7EB7E662EEC5}.Release|x86.Build.0 = Release|Any CPU
		{38BD6235-6D85-4BE3-8B87-C7B6C067447F}.Ad-Hoc|Any CPU.ActiveCfg = Release|x86
		{38BD6235-6D85-4BE3-8B87-C7B6C067447F}.Ad-Hoc|Any CPU.Build.0 = Release|x86
		{38BD6235-6D85-4BE3-8B87-C7B6C067447F}.Ad-Hoc|Any CPU.Deploy.0 = Release|x86
		{38BD6235-6D85-4BE3-8B87-C7B6C067447F}.Ad-Hoc|ARM.ActiveCfg = Release|ARM
		{38BD6235-6D85-4BE3-8B87-C7B6C067447F}.Ad-Hoc|ARM.Build.0 = Release|ARM
		{38BD6235-6D85-4BE3-8B87-C7B6C067447F}.Ad-Hoc|ARM.Deploy.0 = Release|ARM
		{38BD6235-6D85-4BE3-8B87-C7B6C067447F}.Ad-Hoc|iPhone.ActiveCfg = Release|x86
		{38BD6235-6D85-4BE3-8B87-C7B6C067447F}.Ad-Hoc|iPhone.Build.0 = Release|x86
		{38BD6235-6D85-4BE3-8B87-C7B6C067447F}.Ad-Hoc|iPhone.Deploy.0 = Release|x86
		{38BD6235-6D85-4BE3-8B87-C7B6C067447F}.Ad-Hoc|iPhoneSimulator.ActiveCfg = Release|x86
		{38BD6235-6D85-4BE3-8B87-C7B6C067447F}.Ad-Hoc|iPhoneSimulator.Build.0 = Release|x86
		{38BD6235-6D85-4BE3-8B87-C7B6C067447F}.Ad-Hoc|iPhoneSimulator.Deploy.0 = Release|x86
		{38BD6235-6D85-4BE3-8B87-C7B6C067447F}.Ad-Hoc|x64.ActiveCfg = Release|x64
		{38BD6235-6D85-4BE3-8B87-C7B6C067447F}.Ad-Hoc|x64.Build.0 = Release|x64
		{38BD6235-6D85-4BE3-8B87-C7B6C067447F}.Ad-Hoc|x64.Deploy.0 = Release|x64
		{38BD6235-6D85-4BE3-8B87-C7B6C067447F}.Ad-Hoc|x86.ActiveCfg = Release|x86
		{38BD6235-6D85-4BE3-8B87-C7B6C067447F}.Ad-Hoc|x86.Build.0 = Release|x86
		{38BD6235-6D85-4BE3-8B87-C7B6C067447F}.Ad-Hoc|x86.Deploy.0 = Release|x86
		{38BD6235-6D85-4BE3-8B87-C7B6C067447F}.AppStore|Any CPU.ActiveCfg = Release|x86
		{38BD6235-6D85-4BE3-8B87-C7B6C067447F}.AppStore|Any CPU.Build.0 = Release|x86
		{38BD6235-6D85-4BE3-8B87-C7B6C067447F}.AppStore|Any CPU.Deploy.0 = Release|x86
		{38BD6235-6D85-4BE3-8B87-C7B6C067447F}.AppStore|ARM.ActiveCfg = Release|ARM
		{38BD6235-6D85-4BE3-8B87-C7B6C067447F}.AppStore|ARM.Build.0 = Release|ARM
		{38BD6235-6D85-4BE3-8B87-C7B6C067447F}.AppStore|ARM.Deploy.0 = Release|ARM
		{38BD6235-6D85-4BE3-8B87-C7B6C067447F}.AppStore|iPhone.ActiveCfg = Release|x86
		{38BD6235-6D85-4BE3-8B87-C7B6C067447F}.AppStore|iPhone.Build.0 = Release|x86
		{38BD6235-6D85-4BE3-8B87-C7B6C067447F}.AppStore|iPhone.Deploy.0 = Release|x86
		{38BD6235-6D85-4BE3-8B87-C7B6C067447F}.AppStore|iPhoneSimulator.ActiveCfg = Release|x86
		{38BD6235-6D85-4BE3-8B87-C7B6C067447F}.AppStore|iPhoneSimulator.Build.0 = Release|x86
		{38BD6235-6D85-4BE3-8B87-C7B6C067447F}.AppStore|iPhoneSimulator.Deploy.0 = Release|x86
		{38BD6235-6D85-4BE3-8B87-C7B6C067447F}.AppStore|x64.ActiveCfg = Release|x64
		{38BD6235-6D85-4BE3-8B87-C7B6C067447F}.AppStore|x64.Build.0 = Release|x64
		{38BD6235-6D85-4BE3-8B87-C7B6C067447F}.AppStore|x64.Deploy.0 = Release|x64
		{38BD6235-6D85-4BE3-8B87-C7B6C067447F}.AppStore|x86.ActiveCfg = Release|x86
		{38BD6235-6D85-4BE3-8B87-C7B6C067447F}.AppStore|x86.Build.0 = Release|x86
		{38BD6235-6D85-4BE3-8B87-C7B6C067447F}.AppStore|x86.Deploy.0 = Release|x86
		{38BD6235-6D85-4BE3-8B87-C7B6C067447F}.Debug|Any CPU.ActiveCfg = Debug|x86
		{38BD6235-6D85-4BE3-8B87-C7B6C067447F}.Debug|ARM.ActiveCfg = Debug|ARM
		{38BD6235-6D85-4BE3-8B87-C7B6C067447F}.Debug|ARM.Build.0 = Debug|ARM
		{38BD6235-6D85-4BE3-8B87-C7B6C067447F}.Debug|ARM.Deploy.0 = Debug|ARM
		{38BD6235-6D85-4BE3-8B87-C7B6C067447F}.Debug|iPhone.ActiveCfg = Debug|x86
		{38BD6235-6D85-4BE3-8B87-C7B6C067447F}.Debug|iPhoneSimulator.ActiveCfg = Debug|x86
		{38BD6235-6D85-4BE3-8B87-C7B6C067447F}.Debug|x64.ActiveCfg = Debug|x64
		{38BD6235-6D85-4BE3-8B87-C7B6C067447F}.Debug|x64.Build.0 = Debug|x64
		{38BD6235-6D85-4BE3-8B87-C7B6C067447F}.Debug|x64.Deploy.0 = Debug|x64
		{38BD6235-6D85-4BE3-8B87-C7B6C067447F}.Debug|x86.ActiveCfg = Debug|x86
		{38BD6235-6D85-4BE3-8B87-C7B6C067447F}.Debug|x86.Build.0 = Debug|x86
		{38BD6235-6D85-4BE3-8B87-C7B6C067447F}.Debug|x86.Deploy.0 = Debug|x86
		{38BD6235-6D85-4BE3-8B87-C7B6C067447F}.Release|Any CPU.ActiveCfg = Release|x86
		{38BD6235-6D85-4BE3-8B87-C7B6C067447F}.Release|ARM.ActiveCfg = Release|ARM
		{38BD6235-6D85-4BE3-8B87-C7B6C067447F}.Release|ARM.Build.0 = Release|ARM
		{38BD6235-6D85-4BE3-8B87-C7B6C067447F}.Release|ARM.Deploy.0 = Release|ARM
		{38BD6235-6D85-4BE3-8B87-C7B6C067447F}.Release|iPhone.ActiveCfg = Release|x86
		{38BD6235-6D85-4BE3-8B87-C7B6C067447F}.Release|iPhoneSimulator.ActiveCfg = Release|x86
		{38BD6235-6D85-4BE3-8B87-C7B6C067447F}.Release|x64.ActiveCfg = Release|x64
		{38BD6235-6D85-4BE3-8B87-C7B6C067447F}.Release|x64.Build.0 = Release|x64
		{38BD6235-6D85-4BE3-8B87-C7B6C067447F}.Release|x64.Deploy.0 = Release|x64
		{38BD6235-6D85-4BE3-8B87-C7B6C067447F}.Release|x86.ActiveCfg = Release|x86
		{38BD6235-6D85-4BE3-8B87-C7B6C067447F}.Release|x86.Build.0 = Release|x86
		{38BD6235-6D85-4BE3-8B87-C7B6C067447F}.Release|x86.Deploy.0 = Release|x86
		{926CE85C-C4D4-4DA4-809D-1C647AC9BD1D}.Ad-Hoc|Any CPU.ActiveCfg = Ad-Hoc|iPhoneSimulator
		{926CE85C-C4D4-4DA4-809D-1C647AC9BD1D}.Ad-Hoc|ARM.ActiveCfg = Ad-Hoc|iPhone
		{926CE85C-C4D4-4DA4-809D-1C647AC9BD1D}.Ad-Hoc|iPhone.ActiveCfg = Ad-Hoc|iPhone
		{926CE85C-C4D4-4DA4-809D-1C647AC9BD1D}.Ad-Hoc|iPhone.Build.0 = Ad-Hoc|iPhone
		{926CE85C-C4D4-4DA4-809D-1C647AC9BD1D}.Ad-Hoc|iPhoneSimulator.ActiveCfg = Ad-Hoc|iPhoneSimulator
		{926CE85C-C4D4-4DA4-809D-1C647AC9BD1D}.Ad-Hoc|iPhoneSimulator.Build.0 = Ad-Hoc|iPhoneSimulator
		{926CE85C-C4D4-4DA4-809D-1C647AC9BD1D}.Ad-Hoc|x64.ActiveCfg = Ad-Hoc|iPhone
		{926CE85C-C4D4-4DA4-809D-1C647AC9BD1D}.Ad-Hoc|x86.ActiveCfg = Ad-Hoc|iPhone
		{926CE85C-C4D4-4DA4-809D-1C647AC9BD1D}.AppStore|Any CPU.ActiveCfg = AppStore|iPhoneSimulator
		{926CE85C-C4D4-4DA4-809D-1C647AC9BD1D}.AppStore|ARM.ActiveCfg = AppStore|iPhone
		{926CE85C-C4D4-4DA4-809D-1C647AC9BD1D}.AppStore|iPhone.ActiveCfg = AppStore|iPhone
		{926CE85C-C4D4-4DA4-809D-1C647AC9BD1D}.AppStore|iPhone.Build.0 = AppStore|iPhone
		{926CE85C-C4D4-4DA4-809D-1C647AC9BD1D}.AppStore|iPhoneSimulator.ActiveCfg = AppStore|iPhoneSimulator
		{926CE85C-C4D4-4DA4-809D-1C647AC9BD1D}.AppStore|iPhoneSimulator.Build.0 = AppStore|iPhoneSimulator
		{926CE85C-C4D4-4DA4-809D-1C647AC9BD1D}.AppStore|x64.ActiveCfg = AppStore|iPhone
		{926CE85C-C4D4-4DA4-809D-1C647AC9BD1D}.AppStore|x86.ActiveCfg = AppStore|iPhone
		{926CE85C-C4D4-4DA4-809D-1C647AC9BD1D}.Debug|Any CPU.ActiveCfg = Debug|iPhoneSimulator
		{926CE85C-C4D4-4DA4-809D-1C647AC9BD1D}.Debug|ARM.ActiveCfg = Debug|iPhone
		{926CE85C-C4D4-4DA4-809D-1C647AC9BD1D}.Debug|iPhone.ActiveCfg = Debug|iPhone
		{926CE85C-C4D4-4DA4-809D-1C647AC9BD1D}.Debug|iPhone.Build.0 = Debug|iPhone
		{926CE85C-C4D4-4DA4-809D-1C647AC9BD1D}.Debug|iPhoneSimulator.ActiveCfg = Debug|iPhoneSimulator
		{926CE85C-C4D4-4DA4-809D-1C647AC9BD1D}.Debug|iPhoneSimulator.Build.0 = Debug|iPhoneSimulator
		{926CE85C-C4D4-4DA4-809D-1C647AC9BD1D}.Debug|x64.ActiveCfg = Debug|iPhone
		{926CE85C-C4D4-4DA4-809D-1C647AC9BD1D}.Debug|x86.ActiveCfg = Debug|iPhone
		{926CE85C-C4D4-4DA4-809D-1C647AC9BD1D}.Release|Any CPU.ActiveCfg = Release|iPhoneSimulator
		{926CE85C-C4D4-4DA4-809D-1C647AC9BD1D}.Release|ARM.ActiveCfg = Release|iPhone
		{926CE85C-C4D4-4DA4-809D-1C647AC9BD1D}.Release|iPhone.ActiveCfg = Release|iPhone
		{926CE85C-C4D4-4DA4-809D-1C647AC9BD1D}.Release|iPhone.Build.0 = Release|iPhone
		{926CE85C-C4D4-4DA4-809D-1C647AC9BD1D}.Release|iPhoneSimulator.ActiveCfg = Release|iPhoneSimulator
		{926CE85C-C4D4-4DA4-809D-1C647AC9BD1D}.Release|iPhoneSimulator.Build.0 = Release|iPhoneSimulator
		{926CE85C-C4D4-4DA4-809D-1C647AC9BD1D}.Release|x64.ActiveCfg = Release|iPhone
		{926CE85C-C4D4-4DA4-809D-1C647AC9BD1D}.Release|x86.ActiveCfg = Release|iPhone
	EndGlobalSection
	GlobalSection(SolutionProperties) = preSolution
		HideSolutionNode = FALSE
	EndGlobalSection
	GlobalSection(ExtensibilityGlobals) = postSolution
		SolutionGuid = {8364E2CE-BC4E-4D12-833B-A7724751C9C4}
	EndGlobalSection
EndGlobal
